
Microsoft Visual Studio Solution File, Format Version 12.00
# Visual Studio Version 17
VisualStudioVersion = 17.2.32630.192
MinimumVisualStudioVersion = 10.0.40219.1
Project("{9A19103F-16F7-4668-BE54-9A1E7A4F7556}") = "ParkLib", "..\Step1\ParkLib\ParkLib.csproj", "{2604DAA9-189A-4A5A-AD17-F7120DF7516A}"
EndProject
Project("{FAE04EC0-301F-11D3-BF4B-00C04F79EFBC}") = "ParkExtensionLib", "ParkExtensionLib\ParkExtensionLib.csproj", "{1EC21E21-0371-459D-A7DC-2B26EAC68B93}"
EndProject
Project("{FAE04EC0-301F-11D3-BF4B-00C04F79EFBC}") = "ParkExtensionLib.Tests", "ParkExtensionLib.Tests\ParkExtensionLib.Tests.csproj", "{6DDF5B81-C67E-4BA2-A5EC-BC8004503CE2}"
EndProject
Global
	GlobalSection(SolutionConfigurationPlatforms) = preSolution
		Debug|Any CPU = Debug|Any CPU
		Release|Any CPU = Release|Any CPU
	EndGlobalSection
	GlobalSection(ProjectConfigurationPlatforms) = postSolution
		{2604DAA9-189A-4A5A-AD17-F7120DF7516A}.Debug|Any CPU.ActiveCfg = Debug|Any CPU
		{2604DAA9-189A-4A5A-AD17-F7120DF7516A}.Debug|Any CPU.Build.0 = Debug|Any CPU
		{2604DAA9-189A-4A5A-AD17-F7120DF7516A}.Release|Any CPU.ActiveCfg = Release|Any CPU
		{2604DAA9-189A-4A5A-AD17-F7120DF7516A}.Release|Any CPU.Build.0 = Release|Any CPU
		{1EC21E21-0371-459D-A7DC-2B26EAC68B93}.Debug|Any CPU.ActiveCfg = Debug|Any CPU
		{1EC21E21-0371-459D-A7DC-2B26EAC68B93}.Debug|Any CPU.Build.0 = Debug|Any CPU
		{1EC21E21-0371-459D-A7DC-2B26EAC68B93}.Release|Any CPU.ActiveCfg = Release|Any CPU
		{1EC21E21-0371-459D-A7DC-2B26EAC68B93}.Release|Any CPU.Build.0 = Release|Any CPU
		{6DDF5B81-C67E-4BA2-A5EC-BC8004503CE2}.Debug|Any CPU.ActiveCfg = Debug|Any CPU
		{6DDF5B81-C67E-4BA2-A5EC-BC8004503CE2}.Debug|Any CPU.Build.0 = Debug|Any CPU
		{6DDF5B81-C67E-4BA2-A5EC-BC8004503CE2}.Release|Any CPU.ActiveCfg = Release|Any CPU
		{6DDF5B81-C67E-4BA2-A5EC-BC8004503CE2}.Release|Any CPU.Build.0 = Release|Any CPU
	EndGlobalSection
	GlobalSection(SolutionProperties) = preSolution
		HideSolutionNode = FALSE
	EndGlobalSection
	GlobalSection(ExtensibilityGlobals) = postSolution
		SolutionGuid = {36156848-F9F3-429E-83B1-0EBE2A7C73F4}
	EndGlobalSection
EndGlobal
